
Microsoft Visual Studio Solution File, Format Version 12.00
# Visual Studio Version 17
VisualStudioVersion = 17.13.35825.156 d17.13
MinimumVisualStudioVersion = 10.0.40219.1
Project("{FAE04EC0-301F-11D3-BF4B-00C04F79EFBC}") = "WebApiPerson", "WebApiPerson\WebApiPerson.csproj", "{1012476F-842A-465E-A456-F3EDB9F3743D}"
EndProject
Global
	GlobalSection(SolutionConfigurationPlatforms) = preSolution
		Debug|Any CPU = Debug|Any CPU
		Release|Any CPU = Release|Any CPU
	EndGlobalSection
	GlobalSection(ProjectConfigurationPlatforms) = postSolution
		{1012476F-842A-465E-A456-F3EDB9F3743D}.Debug|Any CPU.ActiveCfg = Debug|Any CPU
		{1012476F-842A-465E-A456-F3EDB9F3743D}.Debug|Any CPU.Build.0 = Debug|Any CPU
		{1012476F-842A-465E-A456-F3EDB9F3743D}.Release|Any CPU.ActiveCfg = Release|Any CPU
		{1012476F-842A-465E-A456-F3EDB9F3743D}.Release|Any CPU.Build.0 = Release|Any CPU
	EndGlobalSection
	GlobalSection(SolutionProperties) = preSolution
		HideSolutionNode = FALSE
	EndGlobalSection
	GlobalSection(ExtensibilityGlobals) = postSolution
		SolutionGuid = {B3D8BDD8-CFF6-48C3-ADFE-BDAFB1A2CCF8}
	EndGlobalSection
EndGlobal
